
Microsoft Visual Studio Solution File, Format Version 12.00
# Visual Studio Version 16
VisualStudioVersion = 16.0.29424.173
MinimumVisualStudioVersion = 10.0.40219.1
Project("{FAE04EC0-301F-11D3-BF4B-00C04F79EFBC}") = "PhantasmaLink", "PhantasmaLink\PhantasmaLink.csproj", "{C54FF7ED-3B45-41E6-AC06-51590B915ED4}"
EndProject
Project("{9A19103F-16F7-4668-BE54-9A1E7A4F7556}") = "Phantasma.Core", "..\PhantasmaChain\Phantasma.Core\Phantasma.Core.csproj", "{F0BDC7BE-6308-499C-9361-C69691B7158D}"
EndProject
Project("{9A19103F-16F7-4668-BE54-9A1E7A4F7556}") = "Phantasma.Cryptography", "..\PhantasmaChain\Phantasma.Cryptography\Phantasma.Cryptography.csproj", "{46AA6743-F3D0-4B36-B480-73025E7F6935}"
EndProject
Project("{9A19103F-16F7-4668-BE54-9A1E7A4F7556}") = "Phantasma.Blockchain", "..\PhantasmaChain\Phantasma.Blockchain\Phantasma.Blockchain.csproj", "{4276A6EC-6E9B-42AE-9667-610FC6150EB1}"
EndProject
Project("{9A19103F-16F7-4668-BE54-9A1E7A4F7556}") = "Phantasma.Numerics", "..\PhantasmaChain\Phantasma.Numerics\Phantasma.Numerics.csproj", "{C85DF3DB-4895-46ED-9FB4-DD8F0EAA0F91}"
EndProject
Project("{9A19103F-16F7-4668-BE54-9A1E7A4F7556}") = "Phantasma.API", "..\PhantasmaChain\Phantasma.API\Phantasma.API.csproj", "{74E0486B-E8E4-4150-8A85-06E9DA4DF26B}"
EndProject
Global
	GlobalSection(SolutionConfigurationPlatforms) = preSolution
		Debug|Any CPU = Debug|Any CPU
		Release|Any CPU = Release|Any CPU
	EndGlobalSection
	GlobalSection(ProjectConfigurationPlatforms) = postSolution
		{C54FF7ED-3B45-41E6-AC06-51590B915ED4}.Debug|Any CPU.ActiveCfg = Debug|Any CPU
		{C54FF7ED-3B45-41E6-AC06-51590B915ED4}.Debug|Any CPU.Build.0 = Debug|Any CPU
		{C54FF7ED-3B45-41E6-AC06-51590B915ED4}.Release|Any CPU.ActiveCfg = Release|Any CPU
		{C54FF7ED-3B45-41E6-AC06-51590B915ED4}.Release|Any CPU.Build.0 = Release|Any CPU
		{F0BDC7BE-6308-499C-9361-C69691B7158D}.Debug|Any CPU.ActiveCfg = Debug|Any CPU
		{F0BDC7BE-6308-499C-9361-C69691B7158D}.Debug|Any CPU.Build.0 = Debug|Any CPU
		{F0BDC7BE-6308-499C-9361-C69691B7158D}.Release|Any CPU.ActiveCfg = Release|Any CPU
		{F0BDC7BE-6308-499C-9361-C69691B7158D}.Release|Any CPU.Build.0 = Release|Any CPU
		{46AA6743-F3D0-4B36-B480-73025E7F6935}.Debug|Any CPU.ActiveCfg = Debug|Any CPU
		{46AA6743-F3D0-4B36-B480-73025E7F6935}.Debug|Any CPU.Build.0 = Debug|Any CPU
		{46AA6743-F3D0-4B36-B480-73025E7F6935}.Release|Any CPU.ActiveCfg = Release|Any CPU
		{46AA6743-F3D0-4B36-B480-73025E7F6935}.Release|Any CPU.Build.0 = Release|Any CPU
		{4276A6EC-6E9B-42AE-9667-610FC6150EB1}.Debug|Any CPU.ActiveCfg = Debug|Any CPU
		{4276A6EC-6E9B-42AE-9667-610FC6150EB1}.Debug|Any CPU.Build.0 = Debug|Any CPU
		{4276A6EC-6E9B-42AE-9667-610FC6150EB1}.Release|Any CPU.ActiveCfg = Release|Any CPU
		{4276A6EC-6E9B-42AE-9667-610FC6150EB1}.Release|Any CPU.Build.0 = Release|Any CPU
		{C85DF3DB-4895-46ED-9FB4-DD8F0EAA0F91}.Debug|Any CPU.ActiveCfg = Debug|Any CPU
		{C85DF3DB-4895-46ED-9FB4-DD8F0EAA0F91}.Debug|Any CPU.Build.0 = Debug|Any CPU
		{C85DF3DB-4895-46ED-9FB4-DD8F0EAA0F91}.Release|Any CPU.ActiveCfg = Release|Any CPU
		{C85DF3DB-4895-46ED-9FB4-DD8F0EAA0F91}.Release|Any CPU.Build.0 = Release|Any CPU
		{74E0486B-E8E4-4150-8A85-06E9DA4DF26B}.Debug|Any CPU.ActiveCfg = Debug|Any CPU
		{74E0486B-E8E4-4150-8A85-06E9DA4DF26B}.Debug|Any CPU.Build.0 = Debug|Any CPU
		{74E0486B-E8E4-4150-8A85-06E9DA4DF26B}.Release|Any CPU.ActiveCfg = Release|Any CPU
		{74E0486B-E8E4-4150-8A85-06E9DA4DF26B}.Release|Any CPU.Build.0 = Release|Any CPU
	EndGlobalSection
	GlobalSection(SolutionProperties) = preSolution
		HideSolutionNode = FALSE
	EndGlobalSection
	GlobalSection(ExtensibilityGlobals) = postSolution
		SolutionGuid = {C965DCFD-F006-469A-9BF7-315B8CAFA365}
	EndGlobalSection
EndGlobal
